{
  "name": "@blunck/gatsby-plugin-i18n",
  "version": "0.0.1",
  "lockfileVersion": 1,
  "requires": true,
  "dependencies": {
    "browser-lang": {
      "version": "0.1.0",
      "resolved": "https://registry.npmjs.org/browser-lang/-/browser-lang-0.1.0.tgz",
      "integrity": "sha512-p4mdcU9fIsoDtbAVorKtxo5H86mK040MYn96yshyhfN3OF0iySuITgR8IxldI72MJAultMnwqDgwfWWwjUrSsw=="
    },
    "lodash.get": {
      "version": "4.4.2",
      "resolved": "https://registry.npmjs.org/lodash.get/-/lodash.get-4.4.2.tgz",
      "integrity": "sha1-LRd/ZS+jHpObRDjVNBSZ36OCXpk="
    }
  }
}
